
Microsoft Visual Studio Solution File, Format Version 12.00
# Visual Studio Version 16
VisualStudioVersion = 16.0.29521.150
MinimumVisualStudioVersion = 10.0.40219.1
Project("{9A19103F-16F7-4668-BE54-9A1E7A4F7556}") = "BlazorFragmentNavigation", "src\BlazorFragmentNavigation.csproj", "{080BC0C8-6FC2-46C8-9A0D-F36A93FAA4CB}"
EndProject
Global
	GlobalSection(SolutionConfigurationPlatforms) = preSolution
		Debug|Any CPU = Debug|Any CPU
		Release|Any CPU = Release|Any CPU
	EndGlobalSection
	GlobalSection(ProjectConfigurationPlatforms) = postSolution
		{080BC0C8-6FC2-46C8-9A0D-F36A93FAA4CB}.Debug|Any CPU.ActiveCfg = Debug|Any CPU
		{080BC0C8-6FC2-46C8-9A0D-F36A93FAA4CB}.Debug|Any CPU.Build.0 = Debug|Any CPU
		{080BC0C8-6FC2-46C8-9A0D-F36A93FAA4CB}.Release|Any CPU.ActiveCfg = Release|Any CPU
		{080BC0C8-6FC2-46C8-9A0D-F36A93FAA4CB}.Release|Any CPU.Build.0 = Release|Any CPU
	EndGlobalSection
	GlobalSection(SolutionProperties) = preSolution
		HideSolutionNode = FALSE
	EndGlobalSection
	GlobalSection(ExtensibilityGlobals) = postSolution
		SolutionGuid = {389EAB8A-96CC-4ED6-95D2-32AF4BED1EAA}
	EndGlobalSection
EndGlobal
